
Microsoft Visual Studio Solution File, Format Version 12.00
# Visual Studio Version 17
VisualStudioVersion = 17.11.35222.181
MinimumVisualStudioVersion = 10.0.40219.1
Project("{FAE04EC0-301F-11D3-BF4B-00C04F79EFBC}") = "NamedApp", "NamedApp\NamedApp.csproj", "{1DE49E9C-9087-4EC8-8BCD-94504D462EE4}"
EndProject
Global
	GlobalSection(SolutionConfigurationPlatforms) = preSolution
		Debug|Any CPU = Debug|Any CPU
		Release|Any CPU = Release|Any CPU
	EndGlobalSection
	GlobalSection(ProjectConfigurationPlatforms) = postSolution
		{1DE49E9C-9087-4EC8-8BCD-94504D462EE4}.Debug|Any CPU.ActiveCfg = Debug|Any CPU
		{1DE49E9C-9087-4EC8-8BCD-94504D462EE4}.Debug|Any CPU.Build.0 = Debug|Any CPU
		{1DE49E9C-9087-4EC8-8BCD-94504D462EE4}.Release|Any CPU.ActiveCfg = Release|Any CPU
		{1DE49E9C-9087-4EC8-8BCD-94504D462EE4}.Release|Any CPU.Build.0 = Release|Any CPU
	EndGlobalSection
	GlobalSection(SolutionProperties) = preSolution
		HideSolutionNode = FALSE
	EndGlobalSection
	GlobalSection(ExtensibilityGlobals) = postSolution
		SolutionGuid = {ED5F1AAE-5E54-4DC6-9FA8-4C8762FF3725}
	EndGlobalSection
EndGlobal
